
Microsoft Visual Studio Solution File, Format Version 12.00
# Visual Studio Version 16
VisualStudioVersion = 16.0.29215.179
MinimumVisualStudioVersion = 10.0.40219.1
Project("{FAE04EC0-301F-11D3-BF4B-00C04F79EFBC}") = "PipLib", "PipLib\PipLib.csproj", "{37F52272-F162-40A1-BA1F-681D21420A45}"
EndProject
Global
	GlobalSection(SolutionConfigurationPlatforms) = preSolution
		Debug|Any CPU = Debug|Any CPU
		Release|Any CPU = Release|Any CPU
	EndGlobalSection
	GlobalSection(ProjectConfigurationPlatforms) = postSolution
		{37F52272-F162-40A1-BA1F-681D21420A45}.Debug|Any CPU.ActiveCfg = Debug|Any CPU
		{37F52272-F162-40A1-BA1F-681D21420A45}.Debug|Any CPU.Build.0 = Debug|Any CPU
		{37F52272-F162-40A1-BA1F-681D21420A45}.Release|Any CPU.ActiveCfg = Release|Any CPU
		{37F52272-F162-40A1-BA1F-681D21420A45}.Release|Any CPU.Build.0 = Release|Any CPU
		{5CF7C35D-2DDA-42D4-9CFB-CCE39B5EBB5F}.Debug|Any CPU.ActiveCfg = Debug|Any CPU
		{5CF7C35D-2DDA-42D4-9CFB-CCE39B5EBB5F}.Debug|Any CPU.Build.0 = Debug|Any CPU
		{5CF7C35D-2DDA-42D4-9CFB-CCE39B5EBB5F}.Release|Any CPU.ActiveCfg = Release|Any CPU
		{5CF7C35D-2DDA-42D4-9CFB-CCE39B5EBB5F}.Release|Any CPU.Build.0 = Release|Any CPU
	EndGlobalSection
	GlobalSection(SolutionProperties) = preSolution
		HideSolutionNode = FALSE
	EndGlobalSection
	GlobalSection(ExtensibilityGlobals) = postSolution
		SolutionGuid = {A31D3307-57C5-4B9A-9FB6-C2CA8DA92492}
	EndGlobalSection
EndGlobal
